// !$*UTF8*$!
{
	archiveVersion = 1;
	classes = {
	};
	objectVersion = 46;
	objects = {

/* Begin PBXBuildFile section */
		16EA02991E4B775E00B23EAC /* AppDelegate.swift in Sources */ = {isa = PBXBuildFile; fileRef = 16EA02981E4B775E00B23EAC /* AppDelegate.swift */; };
		16EA029B1E4B775E00B23EAC /* ViewController.swift in Sources */ = {isa = PBXBuildFile; fileRef = 16EA029A1E4B775E00B23EAC /* ViewController.swift */; };
		16EA029E1E4B775F00B23EAC /* Main.storyboard in Resources */ = {isa = PBXBuildFile; fileRef = 16EA029C1E4B775F00B23EAC /* Main.storyboard */; };
		16EA02A01E4B775F00B23EAC /* Assets.xcassets in Resources */ = {isa = PBXBuildFile; fileRef = 16EA029F1E4B775F00B23EAC /* Assets.xcassets */; };
		16EA02A31E4B775F00B23EAC /* LaunchScreen.storyboard in Resources */ = {isa = PBXBuildFile; fileRef = 16EA02A11E4B775F00B23EAC /* LaunchScreen.storyboard */; };
		16EA02B11E4B786800B23EAC /* KeyboardViewController.swift in Sources */ = {isa = PBXBuildFile; fileRef = 16EA02B01E4B786800B23EAC /* KeyboardViewController.swift */; };
		16EA02B51E4B786800B23EAC /* Swipemoji.appex in Embed App Extensions */ = {isa = PBXBuildFile; fileRef = 16EA02AE1E4B786800B23EAC /* Swipemoji.appex */; settings = {ATTRIBUTES = (RemoveHeadersOnCopy, ); }; };
/* End PBXBuildFile section */

/* Begin PBXContainerItemProxy section */
		16EA02B31E4B786800B23EAC /* PBXContainerItemProxy */ = {
			isa = PBXContainerItemProxy;
			containerPortal = 16EA028D1E4B775E00B23EAC /* Project object */;
			proxyType = 1;
			remoteGlobalIDString = 16EA02AD1E4B786800B23EAC;
			remoteInfo = Swipemoji;
		};
/* End PBXContainerItemProxy section */

/* Begin PBXCopyFilesBuildPhase section */
		16EA02B91E4B786800B23EAC /* Embed App Extensions */ = {
			isa = PBXCopyFilesBuildPhase;
			buildActionMask = 2147483647;
			dstPath = "";
			dstSubfolderSpec = 13;
			files = (
				16EA02B51E4B786800B23EAC /* Swipemoji.appex in Embed App Extensions */,
			);
			name = "Embed App Extensions";
			runOnlyForDeploymentPostprocessing = 0;
		};
/* End PBXCopyFilesBuildPhase section */

/* Begin PBXFileReference section */
		16EA02951E4B775E00B23EAC /* SwipemojiKeyboard.app */ = {isa = PBXFileReference; explicitFileType = wrapper.application; includeInIndex = 0; path = SwipemojiKeyboard.app; sourceTree = BUILT_PRODUCTS_DIR; };
		16EA02981E4B775E00B23EAC /* AppDelegate.swift */ = {isa = PBXFileReference; lastKnownFileType = sourcecode.swift; path = AppDelegate.swift; sourceTree = "<group>"; };
		16EA029A1E4B775E00B23EAC /* ViewController.swift */ = {isa = PBXFileReference; lastKnownFileType = sourcecode.swift; path = ViewController.swift; sourceTree = "<group>"; };
		16EA029D1E4B775F00B23EAC /* Base */ = {isa = PBXFileReference; lastKnownFileType = file.storyboard; name = Base; path = Base.lproj/Main.storyboard; sourceTree = "<group>"; };
		16EA029F1E4B775F00B23EAC /* Assets.xcassets */ = {isa = PBXFileReference; lastKnownFileType = folder.assetcatalog; path = Assets.xcassets; sourceTree = "<group>"; };
		16EA02A21E4B775F00B23EAC /* Base */ = {isa = PBXFileReference; lastKnownFileType = file.storyboard; name = Base; path = Base.lproj/LaunchScreen.storyboard; sourceTree = "<group>"; };
		16EA02A41E4B775F00B23EAC /* Info.plist */ = {isa = PBXFileReference; lastKnownFileType = text.plist.xml; path = Info.plist; sourceTree = "<group>"; };
		16EA02AE1E4B786800B23EAC /* Swipemoji.appex */ = {isa = PBXFileReference; explicitFileType = "wrapper.app-extension"; includeInIndex = 0; path = Swipemoji.appex; sourceTree = BUILT_PRODUCTS_DIR; };
		16EA02B01E4B786800B23EAC /* KeyboardViewController.swift */ = {isa = PBXFileReference; lastKnownFileType = sourcecode.swift; path = KeyboardViewController.swift; sourceTree = "<group>"; };
		16EA02B21E4B786800B23EAC /* Info.plist */ = {isa = PBXFileReference; lastKnownFileType = text.plist.xml; path = Info.plist; sourceTree = "<group>"; };
/* End PBXFileReference section */

/* Begin PBXFrameworksBuildPhase section */
		16EA02921E4B775E00B23EAC /* Frameworks */ = {
			isa = PBXFrameworksBuildPhase;
			buildActionMask = 2147483647;
			files = (
			);
			runOnlyForDeploymentPostprocessing = 0;
		};
		16EA02AB1E4B786800B23EAC /* Frameworks */ = {
			isa = PBXFrameworksBuildPhase;
			buildActionMask = 2147483647;
			files = (
			);
			runOnlyForDeploymentPostprocessing = 0;
		};
/* End PBXFrameworksBuildPhase section */

/* Begin PBXGroup section */
		16EA028C1E4B775E00B23EAC = {
			isa = PBXGroup;
			children = (
				16EA02971E4B775E00B23EAC /* SwipemojiKeyboard */,
				16EA02AF1E4B786800B23EAC /* Swipemoji */,
				16EA02961E4B775E00B23EAC /* Products */,
			);
			sourceTree = "<group>";
		};
		16EA02961E4B775E00B23EAC /* Products */ = {
			isa = PBXGroup;
			children = (
				16EA02951E4B775E00B23EAC /* SwipemojiKeyboard.app */,
				16EA02AE1E4B786800B23EAC /* Swipemoji.appex */,
			);
			name = Products;
			sourceTree = "<group>";
		};
		16EA02971E4B775E00B23EAC /* SwipemojiKeyboard */ = {
			isa = PBXGroup;
			children = (
				16EA02981E4B775E00B23EAC /* AppDelegate.swift */,
				16EA029A1E4B775E00B23EAC /* ViewController.swift */,
				16EA029C1E4B775F00B23EAC /* Main.storyboard */,
				16EA029F1E4B775F00B23EAC /* Assets.xcassets */,
				16EA02A11E4B775F00B23EAC /* LaunchScreen.storyboard */,
				16EA02A41E4B775F00B23EAC /* Info.plist */,
			);
			path = SwipemojiKeyboard;
			sourceTree = "<group>";
		};
		16EA02AF1E4B786800B23EAC /* Swipemoji */ = {
			isa = PBXGroup;
			children = (
				16EA02B01E4B786800B23EAC /* KeyboardViewController.swift */,
				16EA02B21E4B786800B23EAC /* Info.plist */,
			);
			path = Swipemoji;
			sourceTree = "<group>";
		};
/* End PBXGroup section */

/* Begin PBXNativeTarget section */
		16EA02941E4B775E00B23EAC /* SwipemojiKeyboard */ = {
			isa = PBXNativeTarget;
			buildConfigurationList = 16EA02A71E4B775F00B23EAC /* Build configuration list for PBXNativeTarget "SwipemojiKeyboard" */;
			buildPhases = (
				16EA02911E4B775E00B23EAC /* Sources */,
				16EA02921E4B775E00B23EAC /* Frameworks */,
				16EA02931E4B775E00B23EAC /* Resources */,
				16EA02B91E4B786800B23EAC /* Embed App Extensions */,
			);
			buildRules = (
			);
			dependencies = (
				16EA02B41E4B786800B23EAC /* PBXTargetDependency */,
			);
			name = SwipemojiKeyboard;
			productName = SwipemojiKeyboard;
			productReference = 16EA02951E4B775E00B23EAC /* SwipemojiKeyboard.app */;
			productType = "com.apple.product-type.application";
		};
		16EA02AD1E4B786800B23EAC /* Swipemoji */ = {
			isa = PBXNativeTarget;
			buildConfigurationList = 16EA02B61E4B786800B23EAC /* Build configuration list for PBXNativeTarget "Swipemoji" */;
			buildPhases = (
				16EA02AA1E4B786800B23EAC /* Sources */,
				16EA02AB1E4B786800B23EAC /* Frameworks */,
				16EA02AC1E4B786800B23EAC /* Resources */,
			);
			buildRules = (
			);
			dependencies = (
			);
			name = Swipemoji;
			productName = Swipemoji;
			productReference = 16EA02AE1E4B786800B23EAC /* Swipemoji.appex */;
			productType = "com.apple.product-type.app-extension";
		};
/* End PBXNativeTarget section */

/* Begin PBXProject section */
		16EA028D1E4B775E00B23EAC /* Project object */ = {
			isa = PBXProject;
			attributes = {
				LastSwiftUpdateCheck = 0820;
				LastUpgradeCheck = 0820;
				ORGANIZATIONNAME = swipemoji;
				TargetAttributes = {
					16EA02941E4B775E00B23EAC = {
						CreatedOnToolsVersion = 8.2.1;
						DevelopmentTeam = 4XRLFC3F88;
						ProvisioningStyle = Automatic;
					};
					16EA02AD1E4B786800B23EAC = {
						CreatedOnToolsVersion = 8.2.1;
						DevelopmentTeam = 4XRLFC3F88;
						ProvisioningStyle = Automatic;
					};
				};
			};
			buildConfigurationList = 16EA02901E4B775E00B23EAC /* Build configuration list for PBXProject "SwipemojiKeyboard" */;
			compatibilityVersion = "Xcode 3.2";
			developmentRegion = English;
			hasScannedForEncodings = 0;
			knownRegions = (
				en,
				Base,
			);
			mainGroup = 16EA028C1E4B775E00B23EAC;
			productRefGroup = 16EA02961E4B775E00B23EAC /* Products */;
			projectDirPath = "";
			projectRoot = "";
			targets = (
				16EA02941E4B775E00B23EAC /* SwipemojiKeyboard */,
				16EA02AD1E4B786800B23EAC /* Swipemoji */,
			);
		};
/* End PBXProject section */

/* Begin PBXResourcesBuildPhase section */
		16EA02931E4B775E00B23EAC /* Resources */ = {
			isa = PBXResourcesBuildPhase;
			buildActionMask = 2147483647;
			files = (
				16EA02A31E4B775F00B23EAC /* LaunchScreen.storyboard in Resources */,
				16EA02A01E4B775F00B23EAC /* Assets.xcassets in Resources */,
				16EA029E1E4B775F00B23EAC /* Main.storyboard in Resources */,
			);
			runOnlyForDeploymentPostprocessing = 0;
		};
		16EA02AC1E4B786800B23EAC /* Resources */ = {
			isa = PBXResourcesBuildPhase;
			buildActionMask = 2147483647;
			files = (
			);
			runOnlyForDeploymentPostprocessing = 0;
		};
/* End PBXResourcesBuildPhase section */

/* Begin PBXSourcesBuildPhase section */
		16EA02911E4B775E00B23EAC /* Sources */ = {
			isa = PBXSourcesBuildPhase;
			buildActionMask = 2147483647;
			files = (
				16EA029B1E4B775E00B23EAC /* ViewController.swift in Sources */,
				16EA02991E4B775E00B23EAC /* AppDelegate.swift in Sources */,
			);
			runOnlyForDeploymentPostprocessing = 0;
		};
		16EA02AA1E4B786800B23EAC /* Sources */ = {
			isa = PBXSourcesBuildPhase;
			buildActionMask = 2147483647;
			files = (
				16EA02B11E4B786800B23EAC /* KeyboardViewController.swift in Sources */,
			);
			runOnlyForDeploymentPostprocessing = 0;
		};
/* End PBXSourcesBuildPhase section */

/* Begin PBXTargetDependency section */
		16EA02B41E4B786800B23EAC /* PBXTargetDependency */ = {
			isa = PBXTargetDependency;
			target = 16EA02AD1E4B786800B23EAC /* Swipemoji */;
			targetProxy = 16EA02B31E4B786800B23EAC /* PBXContainerItemProxy */;
		};
/* End PBXTargetDependency section */

/* Begin PBXVariantGroup section */
		16EA029C1E4B775F00B23EAC /* Main.storyboard */ = {
			isa = PBXVariantGroup;
			children = (
				16EA029D1E4B775F00B23EAC /* Base */,
			);
			name = Main.storyboard;
			sourceTree = "<group>";
		};
		16EA02A11E4B775F00B23EAC /* LaunchScreen.storyboard */ = {
			isa = PBXVariantGroup;
			children = (
				16EA02A21E4B775F00B23EAC /* Base */,
			);
			name = LaunchScreen.storyboard;
			sourceTree = "<group>";
		};
/* End PBXVariantGroup section */

/* Begin XCBuildConfiguration section */
		16EA02A51E4B775F00B23EAC /* Debug */ = {
			isa = XCBuildConfiguration;
			buildSettings = {
				ALWAYS_SEARCH_USER_PATHS = NO;
				CLANG_ANALYZER_NONNULL = YES;
				CLANG_CXX_LANGUAGE_STANDARD = "gnu++0x";
				CLANG_CXX_LIBRARY = "libc++";
				CLANG_ENABLE_MODULES = YES;
				CLANG_ENABLE_OBJC_ARC = YES;
				CLANG_WARN_BOOL_CONVERSION = YES;
				CLANG_WARN_CONSTANT_CONVERSION = YES;
				CLANG_WARN_DIRECT_OBJC_ISA_USAGE = YES_ERROR;
				CLANG_WARN_DOCUMENTATION_COMMENTS = YES;
				CLANG_WARN_EMPTY_BODY = YES;
				CLANG_WARN_ENUM_CONVERSION = YES;
				CLANG_WARN_INFINITE_RECURSION = YES;
				CLANG_WARN_INT_CONVERSION = YES;
				CLANG_WARN_OBJC_ROOT_CLASS = YES_ERROR;
				CLANG_WARN_SUSPICIOUS_MOVE = YES;
				CLANG_WARN_UNREACHABLE_CODE = YES;
				CLANG_WARN__DUPLICATE_METHOD_MATCH = YES;
				"CODE_SIGN_IDENTITY[sdk=iphoneos*]" = "iPhone Developer";
				COPY_PHASE_STRIP = NO;
				DEBUG_INFORMATION_FORMAT = dwarf;
				ENABLE_STRICT_OBJC_MSGSEND = YES;
				ENABLE_TESTABILITY = YES;
				GCC_C_LANGUAGE_STANDARD = gnu99;
				GCC_DYNAMIC_NO_PIC = NO;
				GCC_NO_COMMON_BLOCKS = YES;
				GCC_OPTIMIZATION_LEVEL = 0;
				GCC_PREPROCESSOR_DEFINITIONS = (
					"DEBUG=1",
					"$(inherited)",
				);
				GCC_WARN_64_TO_32_BIT_CONVERSION = YES;
				GCC_WARN_ABOUT_RETURN_TYPE = YES_ERROR;
				GCC_WARN_UNDECLARED_SELECTOR = YES;
				GCC_WARN_UNINITIALIZED_AUTOS = YES_AGGRESSIVE;
				GCC_WARN_UNUSED_FUNCTION = YES;
				GCC_WARN_UNUSED_VARIABLE = YES;
				IPHONEOS_DEPLOYMENT_TARGET = 10.2;
				MTL_ENABLE_DEBUG_INFO = YES;
				ONLY_ACTIVE_ARCH = YES;
				SDKROOT = iphoneos;
				SWIFT_ACTIVE_COMPILATION_CONDITIONS = DEBUG;
				SWIFT_OPTIMIZATION_LEVEL = "-Onone";
				TARGETED_DEVICE_FAMILY = "1,2";
			};
			name = Debug;
		};
		16EA02A61E4B775F00B23EAC /* Release */ = {
			isa = XCBuildConfiguration;
			buildSettings = {
				ALWAYS_SEARCH_USER_PATHS = NO;
				CLANG_ANALYZER_NONNULL = YES;
				CLANG_CXX_LANGUAGE_STANDARD = "gnu++0x";
				CLANG_CXX_LIBRARY = "libc++";
				CLANG_ENABLE_MODULES = YES;
				CLANG_ENABLE_OBJC_ARC = YES;
				CLANG_WARN_BOOL_CONVERSION = YES;
				CLANG_WARN_CONSTANT_CONVERSION = YES;
				CLANG_WARN_DIRECT_OBJC_ISA_USAGE = YES_ERROR;
				CLANG_WARN_DOCUMENTATION_COMMENTS = YES;
				CLANG_WARN_EMPTY_BODY = YES;
				CLANG_WARN_ENUM_CONVERSION = YES;
				CLANG_WARN_INFINITE_RECURSION = YES;
				CLANG_WARN_INT_CONVERSION = YES;
				CLANG_WARN_OBJC_ROOT_CLASS = YES_ERROR;
				CLANG_WARN_SUSPICIOUS_MOVE = YES;
				CLANG_WARN_UNREACHABLE_CODE = YES;
				CLANG_WARN__DUPLICATE_METHOD_MATCH = YES;
				"CODE_SIGN_IDENTITY[sdk=iphoneos*]" = "iPhone Developer";
				COPY_PHASE_STRIP = NO;
				DEBUG_INFORMATION_FORMAT = "dwarf-with-dsym";
				ENABLE_NS_ASSERTIONS = NO;
				ENABLE_STRICT_OBJC_MSGSEND = YES;
				GCC_C_LANGUAGE_STANDARD = gnu99;
				GCC_NO_COMMON_BLOCKS = YES;
				GCC_WARN_64_TO_32_BIT_CONVERSION = YES;
				GCC_WARN_ABOUT_RETURN_TYPE = YES_ERROR;
				GCC_WARN_UNDECLARED_SELECTOR = YES;
				GCC_WARN_UNINITIALIZED_AUTOS = YES_AGGRESSIVE;
				GCC_WARN_UNUSED_FUNCTION = YES;
				GCC_WARN_UNUSED_VARIABLE = YES;
				IPHONEOS_DEPLOYMENT_TARGET = 10.2;
				MTL_ENABLE_DEBUG_INFO = NO;
				SDKROOT = iphoneos;
				SWIFT_OPTIMIZATION_LEVEL = "-Owholemodule";
				TARGETED_DEVICE_FAMILY = "1,2";
				VALIDATE_PRODUCT = YES;
			};
			name = Release;
		};
		16EA02A81E4B775F00B23EAC /* Debug */ = {
			isa = XCBuildConfiguration;
			buildSettings = {
				ALWAYS_EMBED_SWIFT_STANDARD_LIBRARIES = YES;
				ASSETCATALOG_COMPILER_APPICON_NAME = AppIcon;
				DEVELOPMENT_TEAM = 4XRLFC3F88;
				INFOPLIST_FILE = SwipemojiKeyboard/Info.plist;
				LD_RUNPATH_SEARCH_PATHS = "$(inherited) @executable_path/Frameworks";
				PRODUCT_BUNDLE_IDENTIFIER = com.swipemoji.SwipemojiKeyboard;
				PRODUCT_NAME = "$(TARGET_NAME)";
				SWIFT_VERSION = 3.0;
			};
			name = Debug;
		};
		16EA02A91E4B775F00B23EAC /* Release */ = {
			isa = XCBuildConfiguration;
			buildSettings = {
				ALWAYS_EMBED_SWIFT_STANDARD_LIBRARIES = YES;
				ASSETCATALOG_COMPILER_APPICON_NAME = AppIcon;
				DEVELOPMENT_TEAM = 4XRLFC3F88;
				INFOPLIST_FILE = SwipemojiKeyboard/Info.plist;
				LD_RUNPATH_SEARCH_PATHS = "$(inherited) @executable_path/Frameworks";
				PRODUCT_BUNDLE_IDENTIFIER = com.swipemoji.SwipemojiKeyboard;
				PRODUCT_NAME = "$(TARGET_NAME)";
				SWIFT_VERSION = 3.0;
			};
			name = Release;
		};
		16EA02B71E4B786800B23EAC /* Debug */ = {
			isa = XCBuildConfiguration;
			buildSettings = {
				DEVELOPMENT_TEAM = 4XRLFC3F88;
				INFOPLIST_FILE = Swipemoji/Info.plist;
				LD_RUNPATH_SEARCH_PATHS = "$(inherited) @executable_path/Frameworks @executable_path/../../Frameworks";
				PRODUCT_BUNDLE_IDENTIFIER = com.swipemoji.SwipemojiKeyboard.Swipemoji;
				PRODUCT_NAME = "$(TARGET_NAME)";
				SKIP_INSTALL = YES;
				SWIFT_VERSION = 3.0;
			};
			name = Debug;
		};
		16EA02B81E4B786800B23EAC /* Release */ = {
			isa = XCBuildConfiguration;
			buildSettings = {
				DEVELOPMENT_TEAM = 4XRLFC3F88;
				INFOPLIST_FILE = Swipemoji/Info.plist;
				LD_RUNPATH_SEARCH_PATHS = "$(inherited) @executable_path/Frameworks @executable_path/../../Frameworks";
				PRODUCT_BUNDLE_IDENTIFIER = com.swipemoji.SwipemojiKeyboard.Swipemoji;
				PRODUCT_NAME = "$(TARGET_NAME)";
				SKIP_INSTALL = YES;
				SWIFT_VERSION = 3.0;
			};
			name = Release;
		};
/* End XCBuildConfiguration section */

/* Begin XCConfigurationList section */
		16EA02901E4B775E00B23EAC /* Build configuration list for PBXProject "SwipemojiKeyboard" */ = {
			isa = XCConfigurationList;
			buildConfigurations = (
				16EA02A51E4B775F00B23EAC /* Debug */,
				16EA02A61E4B775F00B23EAC /* Release */,
			);
			defaultConfigurationIsVisible = 0;
			defaultConfigurationName = Release;
		};
		16EA02A71E4B775F00B23EAC /* Build configuration list for PBXNativeTarget "SwipemojiKeyboard" */ = {
			isa = XCConfigurationList;
			buildConfigurations = (
				16EA02A81E4B775F00B23EAC /* Debug */,
				16EA02A91E4B775F00B23EAC /* Release */,
			);
			defaultConfigurationIsVisible = 0;
		};
		16EA02B61E4B786800B23EAC /* Build configuration list for PBXNativeTarget "Swipemoji" */ = {
			isa = XCConfigurationList;
			buildConfigurations = (
				16EA02B71E4B786800B23EAC /* Debug */,
				16EA02B81E4B786800B23EAC /* Release */,
			);
			defaultConfigurationIsVisible = 0;
		};
/* End XCConfigurationList section */
	};
	rootObject = 16EA028D1E4B775E00B23EAC /* Project object */;
}
